PODS:
  - IQKeyboardManagerSwift (5.0.0)

DEPENDENCIES:
  - IQKeyboardManagerSwift (= 5.0.0)

SPEC REPOS:
  https://github.com/cocoapods/specs.git:
    - IQKeyboardManagerSwift

SPEC CHECKSUMS:
  IQKeyboardManagerSwift: 3f340202ebe1a7076279b9b9b3c817243ddb3aab

PODFILE CHECKSUM: 1df0ec848351669caba7e4b2c0546622e7678df0

COCOAPODS: 1.5.3
